// !$*UTF8*$!
{
	archiveVersion = 1;
	classes = {
	};
	objectVersion = 51;
	objects = {

/* Begin PBXBuildFile section */
		355253E726F7AA4D0061259D /* BarcodeScanningManager.swift in Sources */ = {isa = PBXBuildFile; fileRef = 355253E626F7AA4D0061259D /* BarcodeScanningManager.swift */; };
		358FC65026F79E0B0084B063 /* AppDelegate.swift in Sources */ = {isa = PBXBuildFile; fileRef = 358FC64F26F79E0B0084B063 /* AppDelegate.swift */; };
		358FC65226F79E0B0084B063 /* SceneDelegate.swift in Sources */ = {isa = PBXBuildFile; fileRef = 358FC65126F79E0B0084B063 /* SceneDelegate.swift */; };
		358FC65426F79E0B0084B063 /* ViciousScannerViewController.swift in Sources */ = {isa = PBXBuildFile; fileRef = 358FC65326F79E0B0084B063 /* ViciousScannerViewController.swift */; };
		358FC65726F79E0B0084B063 /* Main.storyboard in Resources */ = {isa = PBXBuildFile; fileRef = 358FC65526F79E0B0084B063 /* Main.storyboard */; };
		358FC65926F79E0B0084B063 /* Assets.xcassets in Resources */ = {isa = PBXBuildFile; fileRef = 358FC65826F79E0B0084B063 /* Assets.xcassets */; };
		358FC65C26F79E0B0084B063 /* LaunchScreen.storyboard in Resources */ = {isa = PBXBuildFile; fileRef = 358FC65A26F79E0B0084B063 /* LaunchScreen.storyboard */; };
		54C6D6E61946DDF287B2C163 /* Pods_Scanner.framework in Frameworks */ = {isa = PBXBuildFile; fileRef = 722DF84422D0B5F3879F79D4 /* Pods_Scanner.framework */; };
/* End PBXBuildFile section */

/* Begin PBXFileReference section */
		355253E626F7AA4D0061259D /* BarcodeScanningManager.swift */ = {isa = PBXFileReference; lastKnownFileType = sourcecode.swift; path = BarcodeScanningManager.swift; sourceTree = "<group>"; };
		358FC64C26F79E0B0084B063 /* Scanner.app */ = {isa = PBXFileReference; explicitFileType = wrapper.application; includeInIndex = 0; path = Scanner.app; sourceTree = BUILT_PRODUCTS_DIR; };
		358FC64F26F79E0B0084B063 /* AppDelegate.swift */ = {isa = PBXFileReference; lastKnownFileType = sourcecode.swift; path = AppDelegate.swift; sourceTree = "<group>"; };
		358FC65126F79E0B0084B063 /* SceneDelegate.swift */ = {isa = PBXFileReference; lastKnownFileType = sourcecode.swift; path = SceneDelegate.swift; sourceTree = "<group>"; };
		358FC65326F79E0B0084B063 /* ViciousScannerViewController.swift */ = {isa = PBXFileReference; lastKnownFileType = sourcecode.swift; path = ViciousScannerViewController.swift; sourceTree = "<group>"; };
		358FC65626F79E0B0084B063 /* Base */ = {isa = PBXFileReference; lastKnownFileType = file.storyboard; name = Base; path = Base.lproj/Main.storyboard; sourceTree = "<group>"; };
		358FC65826F79E0B0084B063 /* Assets.xcassets */ = {isa = PBXFileReference; lastKnownFileType = folder.assetcatalog; path = Assets.xcassets; sourceTree = "<group>"; };
		358FC65B26F79E0B0084B063 /* Base */ = {isa = PBXFileReference; lastKnownFileType = file.storyboard; name = Base; path = Base.lproj/LaunchScreen.storyboard; sourceTree = "<group>"; };
		358FC65D26F79E0B0084B063 /* Info.plist */ = {isa = PBXFileReference; lastKnownFileType = text.plist.xml; path = Info.plist; sourceTree = "<group>"; };
		457B491933BF6AA1759EDBB5 /* Pods-Scanner.release.xcconfig */ = {isa = PBXFileReference; includeInIndex = 1; lastKnownFileType = text.xcconfig; name = "Pods-Scanner.release.xcconfig"; path = "Target Support Files/Pods-Scanner/Pods-Scanner.release.xcconfig"; sourceTree = "<group>"; };
		722DF84422D0B5F3879F79D4 /* Pods_Scanner.framework */ = {isa = PBXFileReference; explicitFileType = wrapper.framework; includeInIndex = 0; path = Pods_Scanner.framework; sourceTree = BUILT_PRODUCTS_DIR; };
		DA4A9B6D15F3F427C1C7947A /* Pods-Scanner.debug.xcconfig */ = {isa = PBXFileReference; includeInIndex = 1; lastKnownFileType = text.xcconfig; name = "Pods-Scanner.debug.xcconfig"; path = "Target Support Files/Pods-Scanner/Pods-Scanner.debug.xcconfig"; sourceTree = "<group>"; };
/* End PBXFileReference section */

/* Begin PBXFrameworksBuildPhase section */
		358FC64926F79E0B0084B063 /* Frameworks */ = {
			isa = PBXFrameworksBuildPhase;
			buildActionMask = 2147483647;
			files = (
				54C6D6E61946DDF287B2C163 /* Pods_Scanner.framework in Frameworks */,
			);
			runOnlyForDeploymentPostprocessing = 0;
		};
/* End PBXFrameworksBuildPhase section */

/* Begin PBXGroup section */
		257651C991AE1A27F494EFF5 /* Frameworks */ = {
			isa = PBXGroup;
			children = (
				722DF84422D0B5F3879F79D4 /* Pods_Scanner.framework */,
			);
			name = Frameworks;
			sourceTree = "<group>";
		};
		355253E526F7AA430061259D /* Core */ = {
			isa = PBXGroup;
			children = (
				355253E626F7AA4D0061259D /* BarcodeScanningManager.swift */,
			);
			path = Core;
			sourceTree = "<group>";
		};
		358FC64326F79E0B0084B063 = {
			isa = PBXGroup;
			children = (
				358FC64E26F79E0B0084B063 /* Scanner */,
				358FC64D26F79E0B0084B063 /* Products */,
				D58768922A872A01207C3C31 /* Pods */,
				257651C991AE1A27F494EFF5 /* Frameworks */,
			);
			sourceTree = "<group>";
		};
		358FC64D26F79E0B0084B063 /* Products */ = {
			isa = PBXGroup;
			children = (
				358FC64C26F79E0B0084B063 /* Scanner.app */,
			);
			name = Products;
			sourceTree = "<group>";
		};
		358FC64E26F79E0B0084B063 /* Scanner */ = {
			isa = PBXGroup;
			children = (
				355253E526F7AA430061259D /* Core */,
				358FC64F26F79E0B0084B063 /* AppDelegate.swift */,
				358FC65126F79E0B0084B063 /* SceneDelegate.swift */,
				358FC65326F79E0B0084B063 /* ViciousScannerViewController.swift */,
				358FC65526F79E0B0084B063 /* Main.storyboard */,
				358FC65826F79E0B0084B063 /* Assets.xcassets */,
				358FC65A26F79E0B0084B063 /* LaunchScreen.storyboard */,
				358FC65D26F79E0B0084B063 /* Info.plist */,
			);
			path = Scanner;
			sourceTree = "<group>";
		};
		D58768922A872A01207C3C31 /* Pods */ = {
			isa = PBXGroup;
			children = (
				DA4A9B6D15F3F427C1C7947A /* Pods-Scanner.debug.xcconfig */,
				457B491933BF6AA1759EDBB5 /* Pods-Scanner.release.xcconfig */,
			);
			path = Pods;
			sourceTree = "<group>";
		};
/* End PBXGroup section */

/* Begin PBXNativeTarget section */
		358FC64B26F79E0B0084B063 /* Scanner */ = {
			isa = PBXNativeTarget;
			buildConfigurationList = 358FC66026F79E0B0084B063 /* Build configuration list for PBXNativeTarget "Scanner" */;
			buildPhases = (
				1D59B5CF1BCA85B7E486F9BC /* [CP] Check Pods Manifest.lock */,
				358FC64826F79E0B0084B063 /* Sources */,
				358FC64926F79E0B0084B063 /* Frameworks */,
				358FC64A26F79E0B0084B063 /* Resources */,
				0E4FA36009AA5377B55B9E69 /* [CP] Embed Pods Frameworks */,
			);
			buildRules = (
			);
			dependencies = (
			);
			name = Scanner;
			productName = Scanner;
			productReference = 358FC64C26F79E0B0084B063 /* Scanner.app */;
			productType = "com.apple.product-type.application";
		};
/* End PBXNativeTarget section */

/* Begin PBXProject section */
		358FC64426F79E0B0084B063 /* Project object */ = {
			isa = PBXProject;
			attributes = {
				LastSwiftUpdateCheck = 1250;
				LastUpgradeCheck = 1250;
				TargetAttributes = {
					358FC64B26F79E0B0084B063 = {
						CreatedOnToolsVersion = 12.5;
					};
				};
			};
			buildConfigurationList = 358FC64726F79E0B0084B063 /* Build configuration list for PBXProject "Scanner" */;
			compatibilityVersion = "Xcode 9.3";
			developmentRegion = en;
			hasScannedForEncodings = 0;
			knownRegions = (
				en,
				Base,
			);
			mainGroup = 358FC64326F79E0B0084B063;
			productRefGroup = 358FC64D26F79E0B0084B063 /* Products */;
			projectDirPath = "";
			projectRoot = "";
			targets = (
				358FC64B26F79E0B0084B063 /* Scanner */,
			);
		};
/* End PBXProject section */

/* Begin PBXResourcesBuildPhase section */
		358FC64A26F79E0B0084B063 /* Resources */ = {
			isa = PBXResourcesBuildPhase;
			buildActionMask = 2147483647;
			files = (
				358FC65C26F79E0B0084B063 /* LaunchScreen.storyboard in Resources */,
				358FC65926F79E0B0084B063 /* Assets.xcassets in Resources */,
				358FC65726F79E0B0084B063 /* Main.storyboard in Resources */,
			);
			runOnlyForDeploymentPostprocessing = 0;
		};
/* End PBXResourcesBuildPhase section */

/* Begin PBXShellScriptBuildPhase section */
		0E4FA36009AA5377B55B9E69 /* [CP] Embed Pods Frameworks */ = {
			isa = PBXShellScriptBuildPhase;
			buildActionMask = 2147483647;
			files = (
			);
			inputFileListPaths = (
				"${PODS_ROOT}/Target Support Files/Pods-Scanner/Pods-Scanner-frameworks-${CONFIGURATION}-input-files.xcfilelist",
			);
			name = "[CP] Embed Pods Frameworks";
			outputFileListPaths = (
				"${PODS_ROOT}/Target Support Files/Pods-Scanner/Pods-Scanner-frameworks-${CONFIGURATION}-output-files.xcfilelist",
			);
			runOnlyForDeploymentPostprocessing = 0;
			shellPath = /bin/sh;
			shellScript = "\"${PODS_ROOT}/Target Support Files/Pods-Scanner/Pods-Scanner-frameworks.sh\"\n";
			showEnvVarsInLog = 0;
		};
		1D59B5CF1BCA85B7E486F9BC /* [CP] Check Pods Manifest.lock */ = {
			isa = PBXShellScriptBuildPhase;
			buildActionMask = 2147483647;
			files = (
			);
			inputFileListPaths = (
			);
			inputPaths = (
				"${PODS_PODFILE_DIR_PATH}/Podfile.lock",
				"${PODS_ROOT}/Manifest.lock",
			);
			name = "[CP] Check Pods Manifest.lock";
			outputFileListPaths = (
			);
			outputPaths = (
				"$(DERIVED_FILE_DIR)/Pods-Scanner-checkManifestLockResult.txt",
			);
			runOnlyForDeploymentPostprocessing = 0;
			shellPath = /bin/sh;
			shellScript = "diff \"${PODS_PODFILE_DIR_PATH}/Podfile.lock\" \"${PODS_ROOT}/Manifest.lock\" > /dev/null\nif [ $? != 0 ] ; then\n    # print error to STDERR\n    echo \"error: The sandbox is not in sync with the Podfile.lock. Run 'pod install' or update your CocoaPods installation.\" >&2\n    exit 1\nfi\n# This output is used by Xcode 'outputs' to avoid re-running this script phase.\necho \"SUCCESS\" > \"${SCRIPT_OUTPUT_FILE_0}\"\n";
			showEnvVarsInLog = 0;
		};
/* End PBXShellScriptBuildPhase section */

/* Begin PBXSourcesBuildPhase section */
		358FC64826F79E0B0084B063 /* Sources */ = {
			isa = PBXSourcesBuildPhase;
			buildActionMask = 2147483647;
			files = (
				358FC65426F79E0B0084B063 /* ViciousScannerViewController.swift in Sources */,
				358FC65026F79E0B0084B063 /* AppDelegate.swift in Sources */,
				358FC65226F79E0B0084B063 /* SceneDelegate.swift in Sources */,
				355253E726F7AA4D0061259D /* BarcodeScanningManager.swift in Sources */,
			);
			runOnlyForDeploymentPostprocessing = 0;
		};
/* End PBXSourcesBuildPhase section */

/* Begin PBXVariantGroup section */
		358FC65526F79E0B0084B063 /* Main.storyboard */ = {
			isa = PBXVariantGroup;
			children = (
				358FC65626F79E0B0084B063 /* Base */,
			);
			name = Main.storyboard;
			sourceTree = "<group>";
		};
		358FC65A26F79E0B0084B063 /* LaunchScreen.storyboard */ = {
			isa = PBXVariantGroup;
			children = (
				358FC65B26F79E0B0084B063 /* Base */,
			);
			name = LaunchScreen.storyboard;
			sourceTree = "<group>";
		};
/* End PBXVariantGroup section */

/* Begin XCBuildConfiguration section */
		358FC65E26F79E0B0084B063 /* Debug */ = {
			isa = XCBuildConfiguration;
			buildSettings = {
				ALWAYS_SEARCH_USER_PATHS = NO;
				CLANG_ANALYZER_NONNULL = YES;
				CLANG_ANALYZER_NUMBER_OBJECT_CONVERSION = YES_AGGRESSIVE;
				CLANG_CXX_LANGUAGE_STANDARD = "gnu++14";
				CLANG_CXX_LIBRARY = "libc++";
				CLANG_ENABLE_MODULES = YES;
				CLANG_ENABLE_OBJC_ARC = YES;
				CLANG_ENABLE_OBJC_WEAK = YES;
				CLANG_WARN_BLOCK_CAPTURE_AUTORELEASING = YES;
				CLANG_WARN_BOOL_CONVERSION = YES;
				CLANG_WARN_COMMA = YES;
				CLANG_WARN_CONSTANT_CONVERSION = YES;
				CLANG_WARN_DEPRECATED_OBJC_IMPLEMENTATIONS = YES;
				CLANG_WARN_DIRECT_OBJC_ISA_USAGE = YES_ERROR;
				CLANG_WARN_DOCUMENTATION_COMMENTS = YES;
				CLANG_WARN_EMPTY_BODY = YES;
				CLANG_WARN_ENUM_CONVERSION = YES;
				CLANG_WARN_INFINITE_RECURSION = YES;
				CLANG_WARN_INT_CONVERSION = YES;
				CLANG_WARN_NON_LITERAL_NULL_CONVERSION = YES;
				CLANG_WARN_OBJC_IMPLICIT_RETAIN_SELF = YES;
				CLANG_WARN_OBJC_LITERAL_CONVERSION = YES;
				CLANG_WARN_OBJC_ROOT_CLASS = YES_ERROR;
				CLANG_WARN_QUOTED_INCLUDE_IN_FRAMEWORK_HEADER = YES;
				CLANG_WARN_RANGE_LOOP_ANALYSIS = YES;
				CLANG_WARN_STRICT_PROTOTYPES = YES;
				CLANG_WARN_SUSPICIOUS_MOVE = YES;
				CLANG_WARN_UNGUARDED_AVAILABILITY = YES_AGGRESSIVE;
				CLANG_WARN_UNREACHABLE_CODE = YES;
				CLANG_WARN__DUPLICATE_METHOD_MATCH = YES;
				COPY_PHASE_STRIP = NO;
				DEBUG_INFORMATION_FORMAT = dwarf;
				ENABLE_STRICT_OBJC_MSGSEND = YES;
				ENABLE_TESTABILITY = YES;
				GCC_C_LANGUAGE_STANDARD = gnu11;
				GCC_DYNAMIC_NO_PIC = NO;
				GCC_NO_COMMON_BLOCKS = YES;
				GCC_OPTIMIZATION_LEVEL = 0;
				GCC_PREPROCESSOR_DEFINITIONS = (
					"DEBUG=1",
					"$(inherited)",
				);
				GCC_WARN_64_TO_32_BIT_CONVERSION = YES;
				GCC_WARN_ABOUT_RETURN_TYPE = YES_ERROR;
				GCC_WARN_UNDECLARED_SELECTOR = YES;
				GCC_WARN_UNINITIALIZED_AUTOS = YES_AGGRESSIVE;
				GCC_WARN_UNUSED_FUNCTION = YES;
				GCC_WARN_UNUSED_VARIABLE = YES;
				IPHONEOS_DEPLOYMENT_TARGET = 13.0;
				MTL_ENABLE_DEBUG_INFO = INCLUDE_SOURCE;
				MTL_FAST_MATH = YES;
				ONLY_ACTIVE_ARCH = YES;
				SDKROOT = iphoneos;
				SWIFT_ACTIVE_COMPILATION_CONDITIONS = DEBUG;
				SWIFT_OPTIMIZATION_LEVEL = "-Onone";
			};
			name = Debug;
		};
		358FC65F26F79E0B0084B063 /* Release */ = {
			isa = XCBuildConfiguration;
			buildSettings = {
				ALWAYS_SEARCH_USER_PATHS = NO;
				CLANG_ANALYZER_NONNULL = YES;
				CLANG_ANALYZER_NUMBER_OBJECT_CONVERSION = YES_AGGRESSIVE;
				CLANG_CXX_LANGUAGE_STANDARD = "gnu++14";
				CLANG_CXX_LIBRARY = "libc++";
				CLANG_ENABLE_MODULES = YES;
				CLANG_ENABLE_OBJC_ARC = YES;
				CLANG_ENABLE_OBJC_WEAK = YES;
				CLANG_WARN_BLOCK_CAPTURE_AUTORELEASING = YES;
				CLANG_WARN_BOOL_CONVERSION = YES;
				CLANG_WARN_COMMA = YES;
				CLANG_WARN_CONSTANT_CONVERSION = YES;
				CLANG_WARN_DEPRECATED_OBJC_IMPLEMENTATIONS = YES;
				CLANG_WARN_DIRECT_OBJC_ISA_USAGE = YES_ERROR;
				CLANG_WARN_DOCUMENTATION_COMMENTS = YES;
				CLANG_WARN_EMPTY_BODY = YES;
				CLANG_WARN_ENUM_CONVERSION = YES;
				CLANG_WARN_INFINITE_RECURSION = YES;
				CLANG_WARN_INT_CONVERSION = YES;
				CLANG_WARN_NON_LITERAL_NULL_CONVERSION = YES;
				CLANG_WARN_OBJC_IMPLICIT_RETAIN_SELF = YES;
				CLANG_WARN_OBJC_LITERAL_CONVERSION = YES;
				CLANG_WARN_OBJC_ROOT_CLASS = YES_ERROR;
				CLANG_WARN_QUOTED_INCLUDE_IN_FRAMEWORK_HEADER = YES;
				CLANG_WARN_RANGE_LOOP_ANALYSIS = YES;
				CLANG_WARN_STRICT_PROTOTYPES = YES;
				CLANG_WARN_SUSPICIOUS_MOVE = YES;
				CLANG_WARN_UNGUARDED_AVAILABILITY = YES_AGGRESSIVE;
				CLANG_WARN_UNREACHABLE_CODE = YES;
				CLANG_WARN__DUPLICATE_METHOD_MATCH = YES;
				COPY_PHASE_STRIP = NO;
				DEBUG_INFORMATION_FORMAT = "dwarf-with-dsym";
				ENABLE_NS_ASSERTIONS = NO;
				ENABLE_STRICT_OBJC_MSGSEND = YES;
				GCC_C_LANGUAGE_STANDARD = gnu11;
				GCC_NO_COMMON_BLOCKS = YES;
				GCC_WARN_64_TO_32_BIT_CONVERSION = YES;
				GCC_WARN_ABOUT_RETURN_TYPE = YES_ERROR;
				GCC_WARN_UNDECLARED_SELECTOR = YES;
				GCC_WARN_UNINITIALIZED_AUTOS = YES_AGGRESSIVE;
				GCC_WARN_UNUSED_FUNCTION = YES;
				GCC_WARN_UNUSED_VARIABLE = YES;
				IPHONEOS_DEPLOYMENT_TARGET = 13.0;
				MTL_ENABLE_DEBUG_INFO = NO;
				MTL_FAST_MATH = YES;
				SDKROOT = iphoneos;
				SWIFT_COMPILATION_MODE = wholemodule;
				SWIFT_OPTIMIZATION_LEVEL = "-O";
				VALIDATE_PRODUCT = YES;
			};
			name = Release;
		};
		358FC66126F79E0B0084B063 /* Debug */ = {
			isa = XCBuildConfiguration;
			baseConfigurationReference = DA4A9B6D15F3F427C1C7947A /* Pods-Scanner.debug.xcconfig */;
			buildSettings = {
				ASSETCATALOG_COMPILER_APPICON_NAME = AppIcon;
				ASSETCATALOG_COMPILER_GLOBAL_ACCENT_COLOR_NAME = AccentColor;
				CODE_SIGN_STYLE = Automatic;
				DEVELOPMENT_TEAM = ULQT8KH2WT;
				INFOPLIST_FILE = Scanner/Info.plist;
				IPHONEOS_DEPLOYMENT_TARGET = 13.0;
				LD_RUNPATH_SEARCH_PATHS = (
					"$(inherited)",
					"@executable_path/Frameworks",
				);
				PRODUCT_BUNDLE_IDENTIFIER = com.rachel.Scanner;
				PRODUCT_NAME = "$(TARGET_NAME)";
				SWIFT_VERSION = 5.0;
				TARGETED_DEVICE_FAMILY = "1,2";
			};
			name = Debug;
		};
		358FC66226F79E0B0084B063 /* Release */ = {
			isa = XCBuildConfiguration;
			baseConfigurationReference = 457B491933BF6AA1759EDBB5 /* Pods-Scanner.release.xcconfig */;
			buildSettings = {
				ASSETCATALOG_COMPILER_APPICON_NAME = AppIcon;
				ASSETCATALOG_COMPILER_GLOBAL_ACCENT_COLOR_NAME = AccentColor;
				CODE_SIGN_STYLE = Automatic;
				DEVELOPMENT_TEAM = ULQT8KH2WT;
				INFOPLIST_FILE = Scanner/Info.plist;
				IPHONEOS_DEPLOYMENT_TARGET = 13.0;
				LD_RUNPATH_SEARCH_PATHS = (
					"$(inherited)",
					"@executable_path/Frameworks",
				);
				PRODUCT_BUNDLE_IDENTIFIER = com.rachel.Scanner;
				PRODUCT_NAME = "$(TARGET_NAME)";
				SWIFT_VERSION = 5.0;
				TARGETED_DEVICE_FAMILY = "1,2";
			};
			name = Release;
		};
/* End XCBuildConfiguration section */

/* Begin XCConfigurationList section */
		358FC64726F79E0B0084B063 /* Build configuration list for PBXProject "Scanner" */ = {
			isa = XCConfigurationList;
			buildConfigurations = (
				358FC65E26F79E0B0084B063 /* Debug */,
				358FC65F26F79E0B0084B063 /* Release */,
			);
			defaultConfigurationIsVisible = 0;
			defaultConfigurationName = Release;
		};
		358FC66026F79E0B0084B063 /* Build configuration list for PBXNativeTarget "Scanner" */ = {
			isa = XCConfigurationList;
			buildConfigurations = (
				358FC66126F79E0B0084B063 /* Debug */,
				358FC66226F79E0B0084B063 /* Release */,
			);
			defaultConfigurationIsVisible = 0;
			defaultConfigurationName = Release;
		};
/* End XCConfigurationList section */
	};
	rootObject = 358FC64426F79E0B0084B063 /* Project object */;
}
